
Microsoft Visual Studio Solution File, Format Version 12.00
# Visual Studio 15
VisualStudioVersion = 15.0.27428.2037
MinimumVisualStudioVersion = 10.0.40219.1
Project("{FAE04EC0-301F-11D3-BF4B-00C04F79EFBC}") = "Advant", "Advant\Advant.csproj", "{6BC1EEB9-3A23-469B-94D3-34595EC958CE}"
EndProject
Global
	GlobalSection(SolutionConfigurationPlatforms) = preSolution
		Debug|Any CPU = Debug|Any CPU
		Release|Any CPU = Release|Any CPU
	EndGlobalSection
	GlobalSection(ProjectConfigurationPlatforms) = postSolution
		{6BC1EEB9-3A23-469B-94D3-34595EC958CE}.Debug|Any CPU.ActiveCfg = Debug|Any CPU
		{6BC1EEB9-3A23-469B-94D3-34595EC958CE}.Debug|Any CPU.Build.0 = Debug|Any CPU
		{6BC1EEB9-3A23-469B-94D3-34595EC958CE}.Release|Any CPU.ActiveCfg = Release|Any CPU
		{6BC1EEB9-3A23-469B-94D3-34595EC958CE}.Release|Any CPU.Build.0 = Release|Any CPU
	EndGlobalSection
	GlobalSection(SolutionProperties) = preSolution
		HideSolutionNode = FALSE
	EndGlobalSection
	GlobalSection(ExtensibilityGlobals) = postSolution
		SolutionGuid = {9AAF182B-8CAB-4E4C-A544-645CB407C4C4}
	EndGlobalSection
EndGlobal
